
Microsoft Visual Studio Solution File, Format Version 12.00
# Visual Studio Version 17
VisualStudioVersion = 17.5.33530.505
MinimumVisualStudioVersion = 10.0.40219.1
Project("{FAE04EC0-301F-11D3-BF4B-00C04F79EFBC}") = "Phonebook1", "Phonebook1\Phonebook1.csproj", "{68ED8FBC-2738-45AF-904B-3CACBFCFCCBB}"
EndProject
Global
	GlobalSection(SolutionConfigurationPlatforms) = preSolution
		Debug|Any CPU = Debug|Any CPU
		Release|Any CPU = Release|Any CPU
	EndGlobalSection
	GlobalSection(ProjectConfigurationPlatforms) = postSolution
		{68ED8FBC-2738-45AF-904B-3CACBFCFCCBB}.Debug|Any CPU.ActiveCfg = Debug|Any CPU
		{68ED8FBC-2738-45AF-904B-3CACBFCFCCBB}.Debug|Any CPU.Build.0 = Debug|Any CPU
		{68ED8FBC-2738-45AF-904B-3CACBFCFCCBB}.Release|Any CPU.ActiveCfg = Release|Any CPU
		{68ED8FBC-2738-45AF-904B-3CACBFCFCCBB}.Release|Any CPU.Build.0 = Release|Any CPU
	EndGlobalSection
	GlobalSection(SolutionProperties) = preSolution
		HideSolutionNode = FALSE
	EndGlobalSection
	GlobalSection(ExtensibilityGlobals) = postSolution
		SolutionGuid = {A8F06F12-6056-40B4-B520-51E93A3B86D6}
	EndGlobalSection
EndGlobal
